// !$*UTF8*$!
{
	archiveVersion = 1;
	classes = {
	};
	objectVersion = 56;
	objects = {

/* Begin PBXBuildFile section */
		7C18CDF42C6354E10029544E /* LoanTrackerApp.swift in Sources */ = {isa = PBXBuildFile; fileRef = 7C18CDF32C6354E10029544E /* LoanTrackerApp.swift */; };
		7C18CDF62C6354E10029544E /* Persistence.swift in Sources */ = {isa = PBXBuildFile; fileRef = 7C18CDF52C6354E10029544E /* Persistence.swift */; };
		7C18CDF92C6354E10029544E /* LoanTracker.xcdatamodeld in Sources */ = {isa = PBXBuildFile; fileRef = 7C18CDF72C6354E10029544E /* LoanTracker.xcdatamodeld */; };
		7C18CDFB2C6354E10029544E /* AllLoanView.swift in Sources */ = {isa = PBXBuildFile; fileRef = 7C18CDFA2C6354E10029544E /* AllLoanView.swift */; };
		7C18CDFD2C6354E40029544E /* Assets.xcassets in Resources */ = {isa = PBXBuildFile; fileRef = 7C18CDFC2C6354E40029544E /* Assets.xcassets */; };
		7C18CE012C6354E40029544E /* Preview Assets.xcassets in Resources */ = {isa = PBXBuildFile; fileRef = 7C18CE002C6354E40029544E /* Preview Assets.xcassets */; };
		7C18CE0B2C6354E40029544E /* LoanTrackerTests.swift in Sources */ = {isa = PBXBuildFile; fileRef = 7C18CE0A2C6354E40029544E /* LoanTrackerTests.swift */; };
		7C18CE152C6354E40029544E /* LoanTrackerUITests.swift in Sources */ = {isa = PBXBuildFile; fileRef = 7C18CE142C6354E40029544E /* LoanTrackerUITests.swift */; };
		7C18CE172C6354E40029544E /* LoanTrackerUITestsLaunchTests.swift in Sources */ = {isa = PBXBuildFile; fileRef = 7C18CE162C6354E40029544E /* LoanTrackerUITestsLaunchTests.swift */; };
		7C18CE242C635FCD0029544E /* AddLoanView.swift in Sources */ = {isa = PBXBuildFile; fileRef = 7C18CE232C635FCD0029544E /* AddLoanView.swift */; };
		7C18CE262C6362910029544E /* AddLoanViewModel.swift in Sources */ = {isa = PBXBuildFile; fileRef = 7C18CE252C6362910029544E /* AddLoanViewModel.swift */; };
		7C18CE2B2C6365580029544E /* Payment+CoreDataClass.swift in Sources */ = {isa = PBXBuildFile; fileRef = 7C18CE272C6365580029544E /* Payment+CoreDataClass.swift */; };
		7C18CE2C2C6365580029544E /* Payment+CoreDataProperties.swift in Sources */ = {isa = PBXBuildFile; fileRef = 7C18CE282C6365580029544E /* Payment+CoreDataProperties.swift */; };
		7C18CE2D2C6365580029544E /* Loan+CoreDataClass.swift in Sources */ = {isa = PBXBuildFile; fileRef = 7C18CE292C6365580029544E /* Loan+CoreDataClass.swift */; };
		7C18CE2E2C6365580029544E /* Loan+CoreDataProperties.swift in Sources */ = {isa = PBXBuildFile; fileRef = 7C18CE2A2C6365580029544E /* Loan+CoreDataProperties.swift */; };
		7C18CE3C2C636B5F0029544E /* LoanCell.swift in Sources */ = {isa = PBXBuildFile; fileRef = 7C18CE3B2C636B5F0029544E /* LoanCell.swift */; };
		7C18CE3E2C63724E0029544E /* PaymentsView.swift in Sources */ = {isa = PBXBuildFile; fileRef = 7C18CE3D2C63724E0029544E /* PaymentsView.swift */; };
		7C18CE402C6375A40029544E /* AddPaymentView.swift in Sources */ = {isa = PBXBuildFile; fileRef = 7C18CE3F2C6375A40029544E /* AddPaymentView.swift */; };
		7C18CE422C6379A20029544E /* AddPaymentViewModel.swift in Sources */ = {isa = PBXBuildFile; fileRef = 7C18CE412C6379A20029544E /* AddPaymentViewModel.swift */; };
		7C18CE442C637C7A0029544E /* Destination.swift in Sources */ = {isa = PBXBuildFile; fileRef = 7C18CE432C637C7A0029544E /* Destination.swift */; };
		7C18CE462C637E9F0029544E /* PaymentViewModel.swift in Sources */ = {isa = PBXBuildFile; fileRef = 7C18CE452C637E9F0029544E /* PaymentViewModel.swift */; };
		7C18CE492C6380E20029544E /* PaymentCell.swift in Sources */ = {isa = PBXBuildFile; fileRef = 7C18CE482C6380E20029544E /* PaymentCell.swift */; };
		7C18CE4B2C6382BB0029544E /* ProgressBar.swift in Sources */ = {isa = PBXBuildFile; fileRef = 7C18CE4A2C6382BB0029544E /* ProgressBar.swift */; };
		7C18CE4D2C6382D60029544E /* Progress.swift in Sources */ = {isa = PBXBuildFile; fileRef = 7C18CE4C2C6382D60029544E /* Progress.swift */; };
/* End PBXBuildFile section */

/* Begin PBXContainerItemProxy section */
		7C18CE072C6354E40029544E /* PBXContainerItemProxy */ = {
			isa = PBXContainerItemProxy;
			containerPortal = 7C18CDE82C6354E10029544E /* Project object */;
			proxyType = 1;
			remoteGlobalIDString = 7C18CDEF2C6354E10029544E;
			remoteInfo = LoanTracker;
		};
		7C18CE112C6354E40029544E /* PBXContainerItemProxy */ = {
			isa = PBXContainerItemProxy;
			containerPortal = 7C18CDE82C6354E10029544E /* Project object */;
			proxyType = 1;
			remoteGlobalIDString = 7C18CDEF2C6354E10029544E;
			remoteInfo = LoanTracker;
		};
/* End PBXContainerItemProxy section */

/* Begin PBXFileReference section */
		7C18CDF02C6354E10029544E /* LoanTracker.app */ = {isa = PBXFileReference; explicitFileType = wrapper.application; includeInIndex = 0; path = LoanTracker.app; sourceTree = BUILT_PRODUCTS_DIR; };
		7C18CDF32C6354E10029544E /* LoanTrackerApp.swift */ = {isa = PBXFileReference; lastKnownFileType = sourcecode.swift; path = LoanTrackerApp.swift; sourceTree = "<group>"; };
		7C18CDF52C6354E10029544E /* Persistence.swift */ = {isa = PBXFileReference; lastKnownFileType = sourcecode.swift; path = Persistence.swift; sourceTree = "<group>"; };
		7C18CDF82C6354E10029544E /* LoanTracker.xcdatamodel */ = {isa = PBXFileReference; lastKnownFileType = wrapper.xcdatamodel; path = LoanTracker.xcdatamodel; sourceTree = "<group>"; };
		7C18CDFA2C6354E10029544E /* AllLoanView.swift */ = {isa = PBXFileReference; lastKnownFileType = sourcecode.swift; path = AllLoanView.swift; sourceTree = "<group>"; };
		7C18CDFC2C6354E40029544E /* Assets.xcassets */ = {isa = PBXFileReference; lastKnownFileType = folder.assetcatalog; path = Assets.xcassets; sourceTree = "<group>"; };
		7C18CDFE2C6354E40029544E /* LoanTracker.entitlements */ = {isa = PBXFileReference; lastKnownFileType = text.plist.entitlements; path = LoanTracker.entitlements; sourceTree = "<group>"; };
		7C18CE002C6354E40029544E /* Preview Assets.xcassets */ = {isa = PBXFileReference; lastKnownFileType = folder.assetcatalog; path = "Preview Assets.xcassets"; sourceTree = "<group>"; };
		7C18CE062C6354E40029544E /* LoanTrackerTests.xctest */ = {isa = PBXFileReference; explicitFileType = wrapper.cfbundle; includeInIndex = 0; path = LoanTrackerTests.xctest; sourceTree = BUILT_PRODUCTS_DIR; };
		7C18CE0A2C6354E40029544E /* LoanTrackerTests.swift */ = {isa = PBXFileReference; lastKnownFileType = sourcecode.swift; path = LoanTrackerTests.swift; sourceTree = "<group>"; };
		7C18CE102C6354E40029544E /* LoanTrackerUITests.xctest */ = {isa = PBXFileReference; explicitFileType = wrapper.cfbundle; includeInIndex = 0; path = LoanTrackerUITests.xctest; sourceTree = BUILT_PRODUCTS_DIR; };
		7C18CE142C6354E40029544E /* LoanTrackerUITests.swift */ = {isa = PBXFileReference; lastKnownFileType = sourcecode.swift; path = LoanTrackerUITests.swift; sourceTree = "<group>"; };
		7C18CE162C6354E40029544E /* LoanTrackerUITestsLaunchTests.swift */ = {isa = PBXFileReference; lastKnownFileType = sourcecode.swift; path = LoanTrackerUITestsLaunchTests.swift; sourceTree = "<group>"; };
		7C18CE232C635FCD0029544E /* AddLoanView.swift */ = {isa = PBXFileReference; lastKnownFileType = sourcecode.swift; path = AddLoanView.swift; sourceTree = "<group>"; };
		7C18CE252C6362910029544E /* AddLoanViewModel.swift */ = {isa = PBXFileReference; lastKnownFileType = sourcecode.swift; path = AddLoanViewModel.swift; sourceTree = "<group>"; };
		7C18CE272C6365580029544E /* Payment+CoreDataClass.swift */ = {isa = PBXFileReference; lastKnownFileType = sourcecode.swift; path = "Payment+CoreDataClass.swift"; sourceTree = "<group>"; };
		7C18CE282C6365580029544E /* Payment+CoreDataProperties.swift */ = {isa = PBXFileReference; lastKnownFileType = sourcecode.swift; path = "Payment+CoreDataProperties.swift"; sourceTree = "<group>"; };
		7C18CE292C6365580029544E /* Loan+CoreDataClass.swift */ = {isa = PBXFileReference; lastKnownFileType = sourcecode.swift; path = "Loan+CoreDataClass.swift"; sourceTree = "<group>"; };
		7C18CE2A2C6365580029544E /* Loan+CoreDataProperties.swift */ = {isa = PBXFileReference; lastKnownFileType = sourcecode.swift; path = "Loan+CoreDataProperties.swift"; sourceTree = "<group>"; };
		7C18CE3B2C636B5F0029544E /* LoanCell.swift */ = {isa = PBXFileReference; lastKnownFileType = sourcecode.swift; path = LoanCell.swift; sourceTree = "<group>"; };
		7C18CE3D2C63724E0029544E /* PaymentsView.swift */ = {isa = PBXFileReference; lastKnownFileType = sourcecode.swift; path = PaymentsView.swift; sourceTree = "<group>"; };
		7C18CE3F2C6375A40029544E /* AddPaymentView.swift */ = {isa = PBXFileReference; lastKnownFileType = sourcecode.swift; path = AddPaymentView.swift; sourceTree = "<group>"; };
		7C18CE412C6379A20029544E /* AddPaymentViewModel.swift */ = {isa = PBXFileReference; lastKnownFileType = sourcecode.swift; path = AddPaymentViewModel.swift; sourceTree = "<group>"; };
		7C18CE432C637C7A0029544E /* Destination.swift */ = {isa = PBXFileReference; lastKnownFileType = sourcecode.swift; path = Destination.swift; sourceTree = "<group>"; };
		7C18CE452C637E9F0029544E /* PaymentViewModel.swift */ = {isa = PBXFileReference; lastKnownFileType = sourcecode.swift; path = PaymentViewModel.swift; sourceTree = "<group>"; };
		7C18CE482C6380E20029544E /* PaymentCell.swift */ = {isa = PBXFileReference; lastKnownFileType = sourcecode.swift; path = PaymentCell.swift; sourceTree = "<group>"; };
		7C18CE4A2C6382BB0029544E /* ProgressBar.swift */ = {isa = PBXFileReference; lastKnownFileType = sourcecode.swift; path = ProgressBar.swift; sourceTree = "<group>"; };
		7C18CE4C2C6382D60029544E /* Progress.swift */ = {isa = PBXFileReference; lastKnownFileType = sourcecode.swift; path = Progress.swift; sourceTree = "<group>"; };
/* End PBXFileReference section */

/* Begin PBXFrameworksBuildPhase section */
		7C18CDED2C6354E10029544E /* Frameworks */ = {
			isa = PBXFrameworksBuildPhase;
			buildActionMask = 2147483647;
			files = (
			);
			runOnlyForDeploymentPostprocessing = 0;
		};
		7C18CE032C6354E40029544E /* Frameworks */ = {
			isa = PBXFrameworksBuildPhase;
			buildActionMask = 2147483647;
			files = (
			);
			runOnlyForDeploymentPostprocessing = 0;
		};
		7C18CE0D2C6354E40029544E /* Frameworks */ = {
			isa = PBXFrameworksBuildPhase;
			buildActionMask = 2147483647;
			files = (
			);
			runOnlyForDeploymentPostprocessing = 0;
		};
/* End PBXFrameworksBuildPhase section */

/* Begin PBXGroup section */
		7C18CDE72C6354E10029544E = {
			isa = PBXGroup;
			children = (
				7C18CDF22C6354E10029544E /* LoanTracker */,
				7C18CE092C6354E40029544E /* LoanTrackerTests */,
				7C18CE132C6354E40029544E /* LoanTrackerUITests */,
				7C18CDF12C6354E10029544E /* Products */,
			);
			sourceTree = "<group>";
		};
		7C18CDF12C6354E10029544E /* Products */ = {
			isa = PBXGroup;
			children = (
				7C18CDF02C6354E10029544E /* LoanTracker.app */,
				7C18CE062C6354E40029544E /* LoanTrackerTests.xctest */,
				7C18CE102C6354E40029544E /* LoanTrackerUITests.xctest */,
			);
			name = Products;
			sourceTree = "<group>";
		};
		7C18CDF22C6354E10029544E /* LoanTracker */ = {
			isa = PBXGroup;
			children = (
				7C18CDF32C6354E10029544E /* LoanTrackerApp.swift */,
				7C18CE432C637C7A0029544E /* Destination.swift */,
				7C18CDFE2C6354E40029544E /* LoanTracker.entitlements */,
				7C18CE382C636A5D0029544E /* Domain */,
				7C18CE3A2C636AAA0029544E /* CoreData */,
				7C18CE2F2C6365630029544E /* Model */,
				7C18CE392C636A6A0029544E /* Presentation */,
				7C18CDFC2C6354E40029544E /* Assets.xcassets */,
				7C18CDFF2C6354E40029544E /* Preview Content */,
			);
			path = LoanTracker;
			sourceTree = "<group>";
		};
		7C18CDFF2C6354E40029544E /* Preview Content */ = {
			isa = PBXGroup;
			children = (
				7C18CE002C6354E40029544E /* Preview Assets.xcassets */,
			);
			path = "Preview Content";
			sourceTree = "<group>";
		};
		7C18CE092C6354E40029544E /* LoanTrackerTests */ = {
			isa = PBXGroup;
			children = (
				7C18CE0A2C6354E40029544E /* LoanTrackerTests.swift */,
			);
			path = LoanTrackerTests;
			sourceTree = "<group>";
		};
		7C18CE132C6354E40029544E /* LoanTrackerUITests */ = {
			isa = PBXGroup;
			children = (
				7C18CE142C6354E40029544E /* LoanTrackerUITests.swift */,
				7C18CE162C6354E40029544E /* LoanTrackerUITestsLaunchTests.swift */,
			);
			path = LoanTrackerUITests;
			sourceTree = "<group>";
		};
		7C18CE2F2C6365630029544E /* Model */ = {
			isa = PBXGroup;
			children = (
				7C18CE292C6365580029544E /* Loan+CoreDataClass.swift */,
				7C18CE2A2C6365580029544E /* Loan+CoreDataProperties.swift */,
				7C18CE272C6365580029544E /* Payment+CoreDataClass.swift */,
				7C18CE282C6365580029544E /* Payment+CoreDataProperties.swift */,
				7C18CE4C2C6382D60029544E /* Progress.swift */,
			);
			path = Model;
			sourceTree = "<group>";
		};
		7C18CE382C636A5D0029544E /* Domain */ = {
			isa = PBXGroup;
			children = (
				7C18CE252C6362910029544E /* AddLoanViewModel.swift */,
				7C18CE412C6379A20029544E /* AddPaymentViewModel.swift */,
				7C18CE452C637E9F0029544E /* PaymentViewModel.swift */,
			);
			path = Domain;
			sourceTree = "<group>";
		};
		7C18CE392C636A6A0029544E /* Presentation */ = {
			isa = PBXGroup;
			children = (
				7C18CE232C635FCD0029544E /* AddLoanView.swift */,
				7C18CE3F2C6375A40029544E /* AddPaymentView.swift */,
				7C18CDFA2C6354E10029544E /* AllLoanView.swift */,
				7C18CE472C6380CC0029544E /* Components */,
				7C18CE3D2C63724E0029544E /* PaymentsView.swift */,
			);
			path = Presentation;
			sourceTree = "<group>";
		};
		7C18CE3A2C636AAA0029544E /* CoreData */ = {
			isa = PBXGroup;
			children = (
				7C18CDF72C6354E10029544E /* LoanTracker.xcdatamodeld */,
				7C18CDF52C6354E10029544E /* Persistence.swift */,
			);
			path = CoreData;
			sourceTree = "<group>";
		};
		7C18CE472C6380CC0029544E /* Components */ = {
			isa = PBXGroup;
			children = (
				7C18CE3B2C636B5F0029544E /* LoanCell.swift */,
				7C18CE482C6380E20029544E /* PaymentCell.swift */,
				7C18CE4A2C6382BB0029544E /* ProgressBar.swift */,
			);
			path = Components;
			sourceTree = "<group>";
		};
/* End PBXGroup section */

/* Begin PBXNativeTarget section */
		7C18CDEF2C6354E10029544E /* LoanTracker */ = {
			isa = PBXNativeTarget;
			buildConfigurationList = 7C18CE1A2C6354E40029544E /* Build configuration list for PBXNativeTarget "LoanTracker" */;
			buildPhases = (
				7C18CDEC2C6354E10029544E /* Sources */,
				7C18CDED2C6354E10029544E /* Frameworks */,
				7C18CDEE2C6354E10029544E /* Resources */,
			);
			buildRules = (
			);
			dependencies = (
			);
			name = LoanTracker;
			productName = LoanTracker;
			productReference = 7C18CDF02C6354E10029544E /* LoanTracker.app */;
			productType = "com.apple.product-type.application";
		};
		7C18CE052C6354E40029544E /* LoanTrackerTests */ = {
			isa = PBXNativeTarget;
			buildConfigurationList = 7C18CE1D2C6354E40029544E /* Build configuration list for PBXNativeTarget "LoanTrackerTests" */;
			buildPhases = (
				7C18CE022C6354E40029544E /* Sources */,
				7C18CE032C6354E40029544E /* Frameworks */,
				7C18CE042C6354E40029544E /* Resources */,
			);
			buildRules = (
			);
			dependencies = (
				7C18CE082C6354E40029544E /* PBXTargetDependency */,
			);
			name = LoanTrackerTests;
			productName = LoanTrackerTests;
			productReference = 7C18CE062C6354E40029544E /* LoanTrackerTests.xctest */;
			productType = "com.apple.product-type.bundle.unit-test";
		};
		7C18CE0F2C6354E40029544E /* LoanTrackerUITests */ = {
			isa = PBXNativeTarget;
			buildConfigurationList = 7C18CE202C6354E40029544E /* Build configuration list for PBXNativeTarget "LoanTrackerUITests" */;
			buildPhases = (
				7C18CE0C2C6354E40029544E /* Sources */,
				7C18CE0D2C6354E40029544E /* Frameworks */,
				7C18CE0E2C6354E40029544E /* Resources */,
			);
			buildRules = (
			);
			dependencies = (
				7C18CE122C6354E40029544E /* PBXTargetDependency */,
			);
			name = LoanTrackerUITests;
			productName = LoanTrackerUITests;
			productReference = 7C18CE102C6354E40029544E /* LoanTrackerUITests.xctest */;
			productType = "com.apple.product-type.bundle.ui-testing";
		};
/* End PBXNativeTarget section */

/* Begin PBXProject section */
		7C18CDE82C6354E10029544E /* Project object */ = {
			isa = PBXProject;
			attributes = {
				BuildIndependentTargetsInParallel = 1;
				LastSwiftUpdateCheck = 1520;
				LastUpgradeCheck = 1520;
				TargetAttributes = {
					7C18CDEF2C6354E10029544E = {
						CreatedOnToolsVersion = 15.2;
					};
					7C18CE052C6354E40029544E = {
						CreatedOnToolsVersion = 15.2;
						TestTargetID = 7C18CDEF2C6354E10029544E;
					};
					7C18CE0F2C6354E40029544E = {
						CreatedOnToolsVersion = 15.2;
						TestTargetID = 7C18CDEF2C6354E10029544E;
					};
				};
			};
			buildConfigurationList = 7C18CDEB2C6354E10029544E /* Build configuration list for PBXProject "LoanTracker" */;
			compatibilityVersion = "Xcode 14.0";
			developmentRegion = en;
			hasScannedForEncodings = 0;
			knownRegions = (
				en,
				Base,
			);
			mainGroup = 7C18CDE72C6354E10029544E;
			productRefGroup = 7C18CDF12C6354E10029544E /* Products */;
			projectDirPath = "";
			projectRoot = "";
			targets = (
				7C18CDEF2C6354E10029544E /* LoanTracker */,
				7C18CE052C6354E40029544E /* LoanTrackerTests */,
				7C18CE0F2C6354E40029544E /* LoanTrackerUITests */,
			);
		};
/* End PBXProject section */

/* Begin PBXResourcesBuildPhase section */
		7C18CDEE2C6354E10029544E /* Resources */ = {
			isa = PBXResourcesBuildPhase;
			buildActionMask = 2147483647;
			files = (
				7C18CE012C6354E40029544E /* Preview Assets.xcassets in Resources */,
				7C18CDFD2C6354E40029544E /* Assets.xcassets in Resources */,
			);
			runOnlyForDeploymentPostprocessing = 0;
		};
		7C18CE042C6354E40029544E /* Resources */ = {
			isa = PBXResourcesBuildPhase;
			buildActionMask = 2147483647;
			files = (
			);
			runOnlyForDeploymentPostprocessing = 0;
		};
		7C18CE0E2C6354E40029544E /* Resources */ = {
			isa = PBXResourcesBuildPhase;
			buildActionMask = 2147483647;
			files = (
			);
			runOnlyForDeploymentPostprocessing = 0;
		};
/* End PBXResourcesBuildPhase section */

/* Begin PBXSourcesBuildPhase section */
		7C18CDEC2C6354E10029544E /* Sources */ = {
			isa = PBXSourcesBuildPhase;
			buildActionMask = 2147483647;
			files = (
				7C18CE492C6380E20029544E /* PaymentCell.swift in Sources */,
				7C18CE2C2C6365580029544E /* Payment+CoreDataProperties.swift in Sources */,
				7C18CE3E2C63724E0029544E /* PaymentsView.swift in Sources */,
				7C18CE442C637C7A0029544E /* Destination.swift in Sources */,
				7C18CE4B2C6382BB0029544E /* ProgressBar.swift in Sources */,
				7C18CE4D2C6382D60029544E /* Progress.swift in Sources */,
				7C18CDF42C6354E10029544E /* LoanTrackerApp.swift in Sources */,
				7C18CDF62C6354E10029544E /* Persistence.swift in Sources */,
				7C18CE2E2C6365580029544E /* Loan+CoreDataProperties.swift in Sources */,
				7C18CE262C6362910029544E /* AddLoanViewModel.swift in Sources */,
				7C18CDFB2C6354E10029544E /* AllLoanView.swift in Sources */,
				7C18CE422C6379A20029544E /* AddPaymentViewModel.swift in Sources */,
				7C18CDF92C6354E10029544E /* LoanTracker.xcdatamodeld in Sources */,
				7C18CE2D2C6365580029544E /* Loan+CoreDataClass.swift in Sources */,
				7C18CE462C637E9F0029544E /* PaymentViewModel.swift in Sources */,
				7C18CE2B2C6365580029544E /* Payment+CoreDataClass.swift in Sources */,
				7C18CE3C2C636B5F0029544E /* LoanCell.swift in Sources */,
				7C18CE402C6375A40029544E /* AddPaymentView.swift in Sources */,
				7C18CE242C635FCD0029544E /* AddLoanView.swift in Sources */,
			);
			runOnlyForDeploymentPostprocessing = 0;
		};
		7C18CE022C6354E40029544E /* Sources */ = {
			isa = PBXSourcesBuildPhase;
			buildActionMask = 2147483647;
			files = (
				7C18CE0B2C6354E40029544E /* LoanTrackerTests.swift in Sources */,
			);
			runOnlyForDeploymentPostprocessing = 0;
		};
		7C18CE0C2C6354E40029544E /* Sources */ = {
			isa = PBXSourcesBuildPhase;
			buildActionMask = 2147483647;
			files = (
				7C18CE152C6354E40029544E /* LoanTrackerUITests.swift in Sources */,
				7C18CE172C6354E40029544E /* LoanTrackerUITestsLaunchTests.swift in Sources */,
			);
			runOnlyForDeploymentPostprocessing = 0;
		};
/* End PBXSourcesBuildPhase section */

/* Begin PBXTargetDependency section */
		7C18CE082C6354E40029544E /* PBXTargetDependency */ = {
			isa = PBXTargetDependency;
			target = 7C18CDEF2C6354E10029544E /* LoanTracker */;
			targetProxy = 7C18CE072C6354E40029544E /* PBXContainerItemProxy */;
		};
		7C18CE122C6354E40029544E /* PBXTargetDependency */ = {
			isa = PBXTargetDependency;
			target = 7C18CDEF2C6354E10029544E /* LoanTracker */;
			targetProxy = 7C18CE112C6354E40029544E /* PBXContainerItemProxy */;
		};
/* End PBXTargetDependency section */

/* Begin XCBuildConfiguration section */
		7C18CE182C6354E40029544E /* Debug */ = {
			isa = XCBuildConfiguration;
			buildSettings = {
				ALWAYS_SEARCH_USER_PATHS = NO;
				ASSETCATALOG_COMPILER_GENERATE_SWIFT_ASSET_SYMBOL_EXTENSIONS = YES;
				CLANG_ANALYZER_NONNULL = YES;
				CLANG_ANALYZER_NUMBER_OBJECT_CONVERSION = YES_AGGRESSIVE;
				CLANG_CXX_LANGUAGE_STANDARD = "gnu++20";
				CLANG_ENABLE_MODULES = YES;
				CLANG_ENABLE_OBJC_ARC = YES;
				CLANG_ENABLE_OBJC_WEAK = YES;
				CLANG_WARN_BLOCK_CAPTURE_AUTORELEASING = YES;
				CLANG_WARN_BOOL_CONVERSION = YES;
				CLANG_WARN_COMMA = YES;
				CLANG_WARN_CONSTANT_CONVERSION = YES;
				CLANG_WARN_DEPRECATED_OBJC_IMPLEMENTATIONS = YES;
				CLANG_WARN_DIRECT_OBJC_ISA_USAGE = YES_ERROR;
				CLANG_WARN_DOCUMENTATION_COMMENTS = YES;
				CLANG_WARN_EMPTY_BODY = YES;
				CLANG_WARN_ENUM_CONVERSION = YES;
				CLANG_WARN_INFINITE_RECURSION = YES;
				CLANG_WARN_INT_CONVERSION = YES;
				CLANG_WARN_NON_LITERAL_NULL_CONVERSION = YES;
				CLANG_WARN_OBJC_IMPLICIT_RETAIN_SELF = YES;
				CLANG_WARN_OBJC_LITERAL_CONVERSION = YES;
				CLANG_WARN_OBJC_ROOT_CLASS = YES_ERROR;
				CLANG_WARN_QUOTED_INCLUDE_IN_FRAMEWORK_HEADER = YES;
				CLANG_WARN_RANGE_LOOP_ANALYSIS = YES;
				CLANG_WARN_STRICT_PROTOTYPES = YES;
				CLANG_WARN_SUSPICIOUS_MOVE = YES;
				CLANG_WARN_UNGUARDED_AVAILABILITY = YES_AGGRESSIVE;
				CLANG_WARN_UNREACHABLE_CODE = YES;
				CLANG_WARN__DUPLICATE_METHOD_MATCH = YES;
				COPY_PHASE_STRIP = NO;
				DEBUG_INFORMATION_FORMAT = dwarf;
				ENABLE_STRICT_OBJC_MSGSEND = YES;
				ENABLE_TESTABILITY = YES;
				ENABLE_USER_SCRIPT_SANDBOXING = YES;
				GCC_C_LANGUAGE_STANDARD = gnu17;
				GCC_DYNAMIC_NO_PIC = NO;
				GCC_NO_COMMON_BLOCKS = YES;
				GCC_OPTIMIZATION_LEVEL = 0;
				GCC_PREPROCESSOR_DEFINITIONS = (
					"DEBUG=1",
					"$(inherited)",
				);
				GCC_WARN_64_TO_32_BIT_CONVERSION = YES;
				GCC_WARN_ABOUT_RETURN_TYPE = YES_ERROR;
				GCC_WARN_UNDECLARED_SELECTOR = YES;
				GCC_WARN_UNINITIALIZED_AUTOS = YES_AGGRESSIVE;
				GCC_WARN_UNUSED_FUNCTION = YES;
				GCC_WARN_UNUSED_VARIABLE = YES;
				LOCALIZATION_PREFERS_STRING_CATALOGS = YES;
				MTL_ENABLE_DEBUG_INFO = INCLUDE_SOURCE;
				MTL_FAST_MATH = YES;
				ONLY_ACTIVE_ARCH = YES;
				SWIFT_ACTIVE_COMPILATION_CONDITIONS = "DEBUG $(inherited)";
				SWIFT_OPTIMIZATION_LEVEL = "-Onone";
			};
			name = Debug;
		};
		7C18CE192C6354E40029544E /* Release */ = {
			isa = XCBuildConfiguration;
			buildSettings = {
				ALWAYS_SEARCH_USER_PATHS = NO;
				ASSETCATALOG_COMPILER_GENERATE_SWIFT_ASSET_SYMBOL_EXTENSIONS = YES;
				CLANG_ANALYZER_NONNULL = YES;
				CLANG_ANALYZER_NUMBER_OBJECT_CONVERSION = YES_AGGRESSIVE;
				CLANG_CXX_LANGUAGE_STANDARD = "gnu++20";
				CLANG_ENABLE_MODULES = YES;
				CLANG_ENABLE_OBJC_ARC = YES;
				CLANG_ENABLE_OBJC_WEAK = YES;
				CLANG_WARN_BLOCK_CAPTURE_AUTORELEASING = YES;
				CLANG_WARN_BOOL_CONVERSION = YES;
				CLANG_WARN_COMMA = YES;
				CLANG_WARN_CONSTANT_CONVERSION = YES;
				CLANG_WARN_DEPRECATED_OBJC_IMPLEMENTATIONS = YES;
				CLANG_WARN_DIRECT_OBJC_ISA_USAGE = YES_ERROR;
				CLANG_WARN_DOCUMENTATION_COMMENTS = YES;
				CLANG_WARN_EMPTY_BODY = YES;
				CLANG_WARN_ENUM_CONVERSION = YES;
				CLANG_WARN_INFINITE_RECURSION = YES;
				CLANG_WARN_INT_CONVERSION = YES;
				CLANG_WARN_NON_LITERAL_NULL_CONVERSION = YES;
				CLANG_WARN_OBJC_IMPLICIT_RETAIN_SELF = YES;
				CLANG_WARN_OBJC_LITERAL_CONVERSION = YES;
				CLANG_WARN_OBJC_ROOT_CLASS = YES_ERROR;
				CLANG_WARN_QUOTED_INCLUDE_IN_FRAMEWORK_HEADER = YES;
				CLANG_WARN_RANGE_LOOP_ANALYSIS = YES;
				CLANG_WARN_STRICT_PROTOTYPES = YES;
				CLANG_WARN_SUSPICIOUS_MOVE = YES;
				CLANG_WARN_UNGUARDED_AVAILABILITY = YES_AGGRESSIVE;
				CLANG_WARN_UNREACHABLE_CODE = YES;
				CLANG_WARN__DUPLICATE_METHOD_MATCH = YES;
				COPY_PHASE_STRIP = NO;
				DEBUG_INFORMATION_FORMAT = "dwarf-with-dsym";
				ENABLE_NS_ASSERTIONS = NO;
				ENABLE_STRICT_OBJC_MSGSEND = YES;
				ENABLE_USER_SCRIPT_SANDBOXING = YES;
				GCC_C_LANGUAGE_STANDARD = gnu17;
				GCC_NO_COMMON_BLOCKS = YES;
				GCC_WARN_64_TO_32_BIT_CONVERSION = YES;
				GCC_WARN_ABOUT_RETURN_TYPE = YES_ERROR;
				GCC_WARN_UNDECLARED_SELECTOR = YES;
				GCC_WARN_UNINITIALIZED_AUTOS = YES_AGGRESSIVE;
				GCC_WARN_UNUSED_FUNCTION = YES;
				GCC_WARN_UNUSED_VARIABLE = YES;
				LOCALIZATION_PREFERS_STRING_CATALOGS = YES;
				MTL_ENABLE_DEBUG_INFO = NO;
				MTL_FAST_MATH = YES;
				SWIFT_COMPILATION_MODE = wholemodule;
			};
			name = Release;
		};
		7C18CE1B2C6354E40029544E /* Debug */ = {
			isa = XCBuildConfiguration;
			buildSettings = {
				ASSETCATALOG_COMPILER_APPICON_NAME = AppIcon;
				ASSETCATALOG_COMPILER_GLOBAL_ACCENT_COLOR_NAME = AccentColor;
				CODE_SIGN_ENTITLEMENTS = LoanTracker/LoanTracker.entitlements;
				CODE_SIGN_STYLE = Automatic;
				CURRENT_PROJECT_VERSION = 1;
				DEVELOPMENT_ASSET_PATHS = "\"LoanTracker/Preview Content\"";
				DEVELOPMENT_TEAM = HMKA3PT34Y;
				ENABLE_HARDENED_RUNTIME = YES;
				ENABLE_PREVIEWS = YES;
				GENERATE_INFOPLIST_FILE = YES;
				"INFOPLIST_KEY_UIApplicationSceneManifest_Generation[sdk=iphoneos*]" = YES;
				"INFOPLIST_KEY_UIApplicationSceneManifest_Generation[sdk=iphonesimulator*]" = YES;
				"INFOPLIST_KEY_UIApplicationSupportsIndirectInputEvents[sdk=iphoneos*]" = YES;
				"INFOPLIST_KEY_UIApplicationSupportsIndirectInputEvents[sdk=iphonesimulator*]" = YES;
				"INFOPLIST_KEY_UILaunchScreen_Generation[sdk=iphoneos*]" = YES;
				"INFOPLIST_KEY_UILaunchScreen_Generation[sdk=iphonesimulator*]" = YES;
				"INFOPLIST_KEY_UIStatusBarStyle[sdk=iphoneos*]" = UIStatusBarStyleDefault;
				"INFOPLIST_KEY_UIStatusBarStyle[sdk=iphonesimulator*]" = UIStatusBarStyleDefault;
				INFOPLIST_KEY_UISupportedInterfaceOrientations_iPad = "UIInterfaceOrientationPortrait UIInterfaceOrientationPortraitUpsideDown UIInterfaceOrientationLandscapeLeft UIInterfaceOrientationLandscapeRight";
				INFOPLIST_KEY_UISupportedInterfaceOrientations_iPhone = "UIInterfaceOrientationPortrait UIInterfaceOrientationLandscapeLeft UIInterfaceOrientationLandscapeRight";
				IPHONEOS_DEPLOYMENT_TARGET = 17.2;
				LD_RUNPATH_SEARCH_PATHS = "@executable_path/Frameworks";
				"LD_RUNPATH_SEARCH_PATHS[sdk=macosx*]" = "@executable_path/../Frameworks";
				MACOSX_DEPLOYMENT_TARGET = 14.2;
				MARKETING_VERSION = 1.0;
				PRODUCT_BUNDLE_IDENTIFIER = com.jeffry.LoanTracker;
				PRODUCT_NAME = "$(TARGET_NAME)";
				SDKROOT = auto;
				SUPPORTED_PLATFORMS = "iphoneos iphonesimulator macosx";
				SWIFT_EMIT_LOC_STRINGS = YES;
				SWIFT_VERSION = 5.0;
				TARGETED_DEVICE_FAMILY = "1,2";
			};
			name = Debug;
		};
		7C18CE1C2C6354E40029544E /* Release */ = {
			isa = XCBuildConfiguration;
			buildSettings = {
				ASSETCATALOG_COMPILER_APPICON_NAME = AppIcon;
				ASSETCATALOG_COMPILER_GLOBAL_ACCENT_COLOR_NAME = AccentColor;
				CODE_SIGN_ENTITLEMENTS = LoanTracker/LoanTracker.entitlements;
				CODE_SIGN_STYLE = Automatic;
				CURRENT_PROJECT_VERSION = 1;
				DEVELOPMENT_ASSET_PATHS = "\"LoanTracker/Preview Content\"";
				DEVELOPMENT_TEAM = HMKA3PT34Y;
				ENABLE_HARDENED_RUNTIME = YES;
				ENABLE_PREVIEWS = YES;
				GENERATE_INFOPLIST_FILE = YES;
				"INFOPLIST_KEY_UIApplicationSceneManifest_Generation[sdk=iphoneos*]" = YES;
				"INFOPLIST_KEY_UIApplicationSceneManifest_Generation[sdk=iphonesimulator*]" = YES;
				"INFOPLIST_KEY_UIApplicationSupportsIndirectInputEvents[sdk=iphoneos*]" = YES;
				"INFOPLIST_KEY_UIApplicationSupportsIndirectInputEvents[sdk=iphonesimulator*]" = YES;
				"INFOPLIST_KEY_UILaunchScreen_Generation[sdk=iphoneos*]" = YES;
				"INFOPLIST_KEY_UILaunchScreen_Generation[sdk=iphonesimulator*]" = YES;
				"INFOPLIST_KEY_UIStatusBarStyle[sdk=iphoneos*]" = UIStatusBarStyleDefault;
				"INFOPLIST_KEY_UIStatusBarStyle[sdk=iphonesimulator*]" = UIStatusBarStyleDefault;
				INFOPLIST_KEY_UISupportedInterfaceOrientations_iPad = "UIInterfaceOrientationPortrait UIInterfaceOrientationPortraitUpsideDown UIInterfaceOrientationLandscapeLeft UIInterfaceOrientationLandscapeRight";
				INFOPLIST_KEY_UISupportedInterfaceOrientations_iPhone = "UIInterfaceOrientationPortrait UIInterfaceOrientationLandscapeLeft UIInterfaceOrientationLandscapeRight";
				IPHONEOS_DEPLOYMENT_TARGET = 17.2;
				LD_RUNPATH_SEARCH_PATHS = "@executable_path/Frameworks";
				"LD_RUNPATH_SEARCH_PATHS[sdk=macosx*]" = "@executable_path/../Frameworks";
				MACOSX_DEPLOYMENT_TARGET = 14.2;
				MARKETING_VERSION = 1.0;
				PRODUCT_BUNDLE_IDENTIFIER = com.jeffry.LoanTracker;
				PRODUCT_NAME = "$(TARGET_NAME)";
				SDKROOT = auto;
				SUPPORTED_PLATFORMS = "iphoneos iphonesimulator macosx";
				SWIFT_EMIT_LOC_STRINGS = YES;
				SWIFT_VERSION = 5.0;
				TARGETED_DEVICE_FAMILY = "1,2";
			};
			name = Release;
		};
		7C18CE1E2C6354E40029544E /* Debug */ = {
			isa = XCBuildConfiguration;
			buildSettings = {
				ALWAYS_EMBED_SWIFT_STANDARD_LIBRARIES = YES;
				BUNDLE_LOADER = "$(TEST_HOST)";
				CODE_SIGN_STYLE = Automatic;
				CURRENT_PROJECT_VERSION = 1;
				DEVELOPMENT_TEAM = HMKA3PT34Y;
				GENERATE_INFOPLIST_FILE = YES;
				IPHONEOS_DEPLOYMENT_TARGET = 17.2;
				MACOSX_DEPLOYMENT_TARGET = 14.2;
				MARKETING_VERSION = 1.0;
				PRODUCT_BUNDLE_IDENTIFIER = com.jeffry.LoanTrackerTests;
				PRODUCT_NAME = "$(TARGET_NAME)";
				SDKROOT = auto;
				SUPPORTED_PLATFORMS = "iphoneos iphonesimulator macosx";
				SWIFT_EMIT_LOC_STRINGS = NO;
				SWIFT_VERSION = 5.0;
				TARGETED_DEVICE_FAMILY = "1,2";
				TEST_HOST = "$(BUILT_PRODUCTS_DIR)/LoanTracker.app/$(BUNDLE_EXECUTABLE_FOLDER_PATH)/LoanTracker";
			};
			name = Debug;
		};
		7C18CE1F2C6354E40029544E /* Release */ = {
			isa = XCBuildConfiguration;
			buildSettings = {
				ALWAYS_EMBED_SWIFT_STANDARD_LIBRARIES = YES;
				BUNDLE_LOADER = "$(TEST_HOST)";
				CODE_SIGN_STYLE = Automatic;
				CURRENT_PROJECT_VERSION = 1;
				DEVELOPMENT_TEAM = HMKA3PT34Y;
				GENERATE_INFOPLIST_FILE = YES;
				IPHONEOS_DEPLOYMENT_TARGET = 17.2;
				MACOSX_DEPLOYMENT_TARGET = 14.2;
				MARKETING_VERSION = 1.0;
				PRODUCT_BUNDLE_IDENTIFIER = com.jeffry.LoanTrackerTests;
				PRODUCT_NAME = "$(TARGET_NAME)";
				SDKROOT = auto;
				SUPPORTED_PLATFORMS = "iphoneos iphonesimulator macosx";
				SWIFT_EMIT_LOC_STRINGS = NO;
				SWIFT_VERSION = 5.0;
				TARGETED_DEVICE_FAMILY = "1,2";
				TEST_HOST = "$(BUILT_PRODUCTS_DIR)/LoanTracker.app/$(BUNDLE_EXECUTABLE_FOLDER_PATH)/LoanTracker";
			};
			name = Release;
		};
		7C18CE212C6354E40029544E /* Debug */ = {
			isa = XCBuildConfiguration;
			buildSettings = {
				ALWAYS_EMBED_SWIFT_STANDARD_LIBRARIES = YES;
				CODE_SIGN_STYLE = Automatic;
				CURRENT_PROJECT_VERSION = 1;
				DEVELOPMENT_TEAM = HMKA3PT34Y;
				GENERATE_INFOPLIST_FILE = YES;
				IPHONEOS_DEPLOYMENT_TARGET = 17.2;
				MACOSX_DEPLOYMENT_TARGET = 14.2;
				MARKETING_VERSION = 1.0;
				PRODUCT_BUNDLE_IDENTIFIER = com.jeffry.LoanTrackerUITests;
				PRODUCT_NAME = "$(TARGET_NAME)";
				SDKROOT = auto;
				SUPPORTED_PLATFORMS = "iphoneos iphonesimulator macosx";
				SWIFT_EMIT_LOC_STRINGS = NO;
				SWIFT_VERSION = 5.0;
				TARGETED_DEVICE_FAMILY = "1,2";
				TEST_TARGET_NAME = LoanTracker;
			};
			name = Debug;
		};
		7C18CE222C6354E40029544E /* Release */ = {
			isa = XCBuildConfiguration;
			buildSettings = {
				ALWAYS_EMBED_SWIFT_STANDARD_LIBRARIES = YES;
				CODE_SIGN_STYLE = Automatic;
				CURRENT_PROJECT_VERSION = 1;
				DEVELOPMENT_TEAM = HMKA3PT34Y;
				GENERATE_INFOPLIST_FILE = YES;
				IPHONEOS_DEPLOYMENT_TARGET = 17.2;
				MACOSX_DEPLOYMENT_TARGET = 14.2;
				MARKETING_VERSION = 1.0;
				PRODUCT_BUNDLE_IDENTIFIER = com.jeffry.LoanTrackerUITests;
				PRODUCT_NAME = "$(TARGET_NAME)";
				SDKROOT = auto;
				SUPPORTED_PLATFORMS = "iphoneos iphonesimulator macosx";
				SWIFT_EMIT_LOC_STRINGS = NO;
				SWIFT_VERSION = 5.0;
				TARGETED_DEVICE_FAMILY = "1,2";
				TEST_TARGET_NAME = LoanTracker;
			};
			name = Release;
		};
/* End XCBuildConfiguration section */

/* Begin XCConfigurationList section */
		7C18CDEB2C6354E10029544E /* Build configuration list for PBXProject "LoanTracker" */ = {
			isa = XCConfigurationList;
			buildConfigurations = (
				7C18CE182C6354E40029544E /* Debug */,
				7C18CE192C6354E40029544E /* Release */,
			);
			defaultConfigurationIsVisible = 0;
			defaultConfigurationName = Release;
		};
		7C18CE1A2C6354E40029544E /* Build configuration list for PBXNativeTarget "LoanTracker" */ = {
			isa = XCConfigurationList;
			buildConfigurations = (
				7C18CE1B2C6354E40029544E /* Debug */,
				7C18CE1C2C6354E40029544E /* Release */,
			);
			defaultConfigurationIsVisible = 0;
			defaultConfigurationName = Release;
		};
		7C18CE1D2C6354E40029544E /* Build configuration list for PBXNativeTarget "LoanTrackerTests" */ = {
			isa = XCConfigurationList;
			buildConfigurations = (
				7C18CE1E2C6354E40029544E /* Debug */,
				7C18CE1F2C6354E40029544E /* Release */,
			);
			defaultConfigurationIsVisible = 0;
			defaultConfigurationName = Release;
		};
		7C18CE202C6354E40029544E /* Build configuration list for PBXNativeTarget "LoanTrackerUITests" */ = {
			isa = XCConfigurationList;
			buildConfigurations = (
				7C18CE212C6354E40029544E /* Debug */,
				7C18CE222C6354E40029544E /* Release */,
			);
			defaultConfigurationIsVisible = 0;
			defaultConfigurationName = Release;
		};
/* End XCConfigurationList section */

/* Begin XCVersionGroup section */
		7C18CDF72C6354E10029544E /* LoanTracker.xcdatamodeld */ = {
			isa = XCVersionGroup;
			children = (
				7C18CDF82C6354E10029544E /* LoanTracker.xcdatamodel */,
			);
			currentVersion = 7C18CDF82C6354E10029544E /* LoanTracker.xcdatamodel */;
			path = LoanTracker.xcdatamodeld;
			sourceTree = "<group>";
			versionGroupType = wrapper.xcdatamodel;
		};
/* End XCVersionGroup section */
	};
	rootObject = 7C18CDE82C6354E10029544E /* Project object */;
}
